Microsoft Visual Studio Solution File, Format Version 12.00
# Visual Studio Version 17
VisualStudioVersion = 17.5.2.0
MinimumVisualStudioVersion = 10.0.40219.1
Project("{FAE04EC0-301F-11D3-BF4B-00C04F79EFBC}") = "BacktestingEngine", "BacktestingEngine.csproj", "{1A6B7E2A-798B-5F1B-7C37-52D6EC4013EF}"
EndProject
Project("{FAE04EC0-301F-11D3-BF4B-00C04F79EFBC}") = "BacktestingEngine.Tests", "..\BacktestingEngine.Tests\BacktestingEngine.Tests.csproj", "{417EDCF1-1121-4C03-B17B-DBACCF16D4DE}"
EndProject
Global
	GlobalSection(SolutionConfigurationPlatforms) = preSolution
		Debug|Any CPU = Debug|Any CPU
		Debug|x64 = Debug|x64
		Debug|x86 = Debug|x86
		Release|Any CPU = Release|Any CPU
		Release|x64 = Release|x64
		Release|x86 = Release|x86
	EndGlobalSection
	GlobalSection(ProjectConfigurationPlatforms) = postSolution
		{1A6B7E2A-798B-5F1B-7C37-52D6EC4013EF}.Debug|Any CPU.ActiveCfg = Debug|Any CPU
		{1A6B7E2A-798B-5F1B-7C37-52D6EC4013EF}.Debug|Any CPU.Build.0 = Debug|Any CPU
		{1A6B7E2A-798B-5F1B-7C37-52D6EC4013EF}.Debug|x64.ActiveCfg = Debug|Any CPU
		{1A6B7E2A-798B-5F1B-7C37-52D6EC4013EF}.Debug|x64.Build.0 = Debug|Any CPU
		{1A6B7E2A-798B-5F1B-7C37-52D6EC4013EF}.Debug|x86.ActiveCfg = Debug|Any CPU
		{1A6B7E2A-798B-5F1B-7C37-52D6EC4013EF}.Debug|x86.Build.0 = Debug|Any CPU
		{1A6B7E2A-798B-5F1B-7C37-52D6EC4013EF}.Release|Any CPU.ActiveCfg = Release|Any CPU
		{1A6B7E2A-798B-5F1B-7C37-52D6EC4013EF}.Release|Any CPU.Build.0 = Release|Any CPU
		{1A6B7E2A-798B-5F1B-7C37-52D6EC4013EF}.Release|x64.ActiveCfg = Release|Any CPU
		{1A6B7E2A-798B-5F1B-7C37-52D6EC4013EF}.Release|x64.Build.0 = Release|Any CPU
		{1A6B7E2A-798B-5F1B-7C37-52D6EC4013EF}.Release|x86.ActiveCfg = Release|Any CPU
		{1A6B7E2A-798B-5F1B-7C37-52D6EC4013EF}.Release|x86.Build.0 = Release|Any CPU
		{417EDCF1-1121-4C03-B17B-DBACCF16D4DE}.Debug|Any CPU.ActiveCfg = Debug|Any CPU
		{417EDCF1-1121-4C03-B17B-DBACCF16D4DE}.Debug|Any CPU.Build.0 = Debug|Any CPU
		{417EDCF1-1121-4C03-B17B-DBACCF16D4DE}.Debug|x64.ActiveCfg = Debug|Any CPU
		{417EDCF1-1121-4C03-B17B-DBACCF16D4DE}.Debug|x64.Build.0 = Debug|Any CPU
		{417EDCF1-1121-4C03-B17B-DBACCF16D4DE}.Debug|x86.ActiveCfg = Debug|Any CPU
		{417EDCF1-1121-4C03-B17B-DBACCF16D4DE}.Debug|x86.Build.0 = Debug|Any CPU
		{417EDCF1-1121-4C03-B17B-DBACCF16D4DE}.Release|Any CPU.ActiveCfg = Release|Any CPU
		{417EDCF1-1121-4C03-B17B-DBACCF16D4DE}.Release|Any CPU.Build.0 = Release|Any CPU
		{417EDCF1-1121-4C03-B17B-DBACCF16D4DE}.Release|x64.ActiveCfg = Release|Any CPU
		{417EDCF1-1121-4C03-B17B-DBACCF16D4DE}.Release|x64.Build.0 = Release|Any CPU
		{417EDCF1-1121-4C03-B17B-DBACCF16D4DE}.Release|x86.ActiveCfg = Release|Any CPU
		{417EDCF1-1121-4C03-B17B-DBACCF16D4DE}.Release|x86.Build.0 = Release|Any CPU
	EndGlobalSection
	GlobalSection(SolutionProperties) = preSolution
		HideSolutionNode = FALSE
	EndGlobalSection
	GlobalSection(ExtensibilityGlobals) = postSolution
		SolutionGuid = {95AF3B38-724C-4E79-886F-F13D2DA3C1BF}
	EndGlobalSection
EndGlobal
